
Microsoft Visual Studio Solution File, Format Version 12.00
# Visual Studio Version 17
VisualStudioVersion = 17.6.33829.357
MinimumVisualStudioVersion = 10.0.40219.1
Project("{9A19103F-16F7-4668-BE54-9A1E7A4F7556}") = "TelegaBotConsole", "TelegaBotProject\TelegaBotConsole.csproj", "{A28C8966-2131-4609-9EC4-68A5380B18BF}"
EndProject
Project("{FAE04EC0-301F-11D3-BF4B-00C04F79EFBC}") = "TelegaBotCore", "TelegaBotCore\TelegaBotCore.csproj", "{42F056EC-C6C1-45B7-B6D8-16825A19C0A7}"
EndProject
Global
	GlobalSection(SolutionConfigurationPlatforms) = preSolution
		Debug|Any CPU = Debug|Any CPU
		Release|Any CPU = Release|Any CPU
	EndGlobalSection
	GlobalSection(ProjectConfigurationPlatforms) = postSolution
		{A28C8966-2131-4609-9EC4-68A5380B18BF}.Debug|Any CPU.ActiveCfg = Debug|Any CPU
		{A28C8966-2131-4609-9EC4-68A5380B18BF}.Debug|Any CPU.Build.0 = Debug|Any CPU
		{A28C8966-2131-4609-9EC4-68A5380B18BF}.Release|Any CPU.ActiveCfg = Release|Any CPU
		{A28C8966-2131-4609-9EC4-68A5380B18BF}.Release|Any CPU.Build.0 = Release|Any CPU
		{42F056EC-C6C1-45B7-B6D8-16825A19C0A7}.Debug|Any CPU.ActiveCfg = Debug|Any CPU
		{42F056EC-C6C1-45B7-B6D8-16825A19C0A7}.Debug|Any CPU.Build.0 = Debug|Any CPU
		{42F056EC-C6C1-45B7-B6D8-16825A19C0A7}.Release|Any CPU.ActiveCfg = Release|Any CPU
		{42F056EC-C6C1-45B7-B6D8-16825A19C0A7}.Release|Any CPU.Build.0 = Release|Any CPU
	EndGlobalSection
	GlobalSection(SolutionProperties) = preSolution
		HideSolutionNode = FALSE
	EndGlobalSection
	GlobalSection(ExtensibilityGlobals) = postSolution
		SolutionGuid = {2A07EABD-6191-4DEB-9004-8DAE0C8B1091}
	EndGlobalSection
EndGlobal
